// !$*UTF8*$!
{
	archiveVersion = 1;
	classes = {
	};
	objectVersion = 55;
	objects = {

/* Begin PBXBuildFile section */
		24AA884DDF1EDB794598704D /* Pods_Tinder.framework in Frameworks */ = {isa = PBXBuildFile; fileRef = 2D39A2EF96591C7C1118F517 /* Pods_Tinder.framework */; };
		BC2947E12897D5A300105E87 /* SelectButton.swift in Sources */ = {isa = PBXBuildFile; fileRef = BC2947E02897D5A300105E87 /* SelectButton.swift */; };
		BC294803289959AB00105E87 /* SelectPhotoButtonsStackView.swift in Sources */ = {isa = PBXBuildFile; fileRef = BC294802289959AA00105E87 /* SelectPhotoButtonsStackView.swift */; };
		BC29480528997CE000105E87 /* SettingsImagePicker.swift in Sources */ = {isa = PBXBuildFile; fileRef = BC29480428997CDF00105E87 /* SettingsImagePicker.swift */; };
		BC2948072899AAE100105E87 /* CustomInfoLabel.swift in Sources */ = {isa = PBXBuildFile; fileRef = BC2948062899AAE000105E87 /* CustomInfoLabel.swift */; };
		BC2948092899ABCB00105E87 /* SettingsCell.swift in Sources */ = {isa = PBXBuildFile; fileRef = BC2948082899ABCB00105E87 /* SettingsCell.swift */; };
		BC29480D289B01F200105E87 /* DetailSettingsViewController.swift in Sources */ = {isa = PBXBuildFile; fileRef = BC29480C289B01F200105E87 /* DetailSettingsViewController.swift */; };
		BC545D2B289C7764007A2605 /* MainTabBarController.swift in Sources */ = {isa = PBXBuildFile; fileRef = BC545D2A289C7764007A2605 /* MainTabBarController.swift */; };
		BC545D2D289C77CB007A2605 /* ChatController.swift in Sources */ = {isa = PBXBuildFile; fileRef = BC545D2C289C77CB007A2605 /* ChatController.swift */; };
		BC54C40028784B140009B8F5 /* RegistrationController.swift in Sources */ = {isa = PBXBuildFile; fileRef = BC54C3FF28784B140009B8F5 /* RegistrationController.swift */; };
		BC54C402287863A60009B8F5 /* CustomTextField.swift in Sources */ = {isa = PBXBuildFile; fileRef = BC54C401287863A60009B8F5 /* CustomTextField.swift */; };
		BC7AB56B2850CFD700C3E2B5 /* PhotoView.swift in Sources */ = {isa = PBXBuildFile; fileRef = BC7AB56A2850CFD700C3E2B5 /* PhotoView.swift */; };
		BCA0088028551EB800C8B371 /* User.swift in Sources */ = {isa = PBXBuildFile; fileRef = BCA0087F28551EB800C8B371 /* User.swift */; };
		BCC6FCD22848BFD500E6E8E0 /* AppDelegate.swift in Sources */ = {isa = PBXBuildFile; fileRef = BCC6FCD12848BFD500E6E8E0 /* AppDelegate.swift */; };
		BCC6FCD42848BFD500E6E8E0 /* SceneDelegate.swift in Sources */ = {isa = PBXBuildFile; fileRef = BCC6FCD32848BFD500E6E8E0 /* SceneDelegate.swift */; };
		BCC6FCD62848BFD500E6E8E0 /* PhotoCardController.swift in Sources */ = {isa = PBXBuildFile; fileRef = BCC6FCD52848BFD500E6E8E0 /* PhotoCardController.swift */; };
		BCC6FCDB2848BFD900E6E8E0 /* Assets.xcassets in Resources */ = {isa = PBXBuildFile; fileRef = BCC6FCDA2848BFD900E6E8E0 /* Assets.xcassets */; };
		BCC6FCDE2848BFD900E6E8E0 /* LaunchScreen.storyboard in Resources */ = {isa = PBXBuildFile; fileRef = BCC6FCDC2848BFD900E6E8E0 /* LaunchScreen.storyboard */; };
		BCD3010E286B955A00D9C880 /* PhotoCardViewModel.swift in Sources */ = {isa = PBXBuildFile; fileRef = BCD3010D286B955A00D9C880 /* PhotoCardViewModel.swift */; };
		BCD30110286C92D900D9C880 /* Advertiser.swift in Sources */ = {isa = PBXBuildFile; fileRef = BCD3010F286C92D900D9C880 /* Advertiser.swift */; };
		BCE68ADC284A2AF200EBB5B6 /* Extensions + UIView.swift in Sources */ = {isa = PBXBuildFile; fileRef = BCE68ADB284A2AF200EBB5B6 /* Extensions + UIView.swift */; };
		BCE68ADE284E025C00EBB5B6 /* DownButtonsControlsStackView.swift in Sources */ = {isa = PBXBuildFile; fileRef = BCE68ADD284E025C00EBB5B6 /* DownButtonsControlsStackView.swift */; };
		BCE68AF0284E279300EBB5B6 /* Constants.swift in Sources */ = {isa = PBXBuildFile; fileRef = BCE68AEF284E279300EBB5B6 /* Constants.swift */; };
		BCE68AF2284E39E100EBB5B6 /* TopNavigationStackView.swift in Sources */ = {isa = PBXBuildFile; fileRef = BCE68AF1284E39E100EBB5B6 /* TopNavigationStackView.swift */; };
		BCEC5B1B2891565E005CA649 /* GoogleService-Info.plist in Resources */ = {isa = PBXBuildFile; fileRef = BCEC5B1A2891565E005CA649 /* GoogleService-Info.plist */; };
		BCEC5B1D28925074005CA649 /* Bindable.swift in Sources */ = {isa = PBXBuildFile; fileRef = BCEC5B1C28925074005CA649 /* Bindable.swift */; };
		BCEC5B212896F090005CA649 /* Extension + UIButton.swift in Sources */ = {isa = PBXBuildFile; fileRef = BCEC5B202896F090005CA649 /* Extension + UIButton.swift */; };
		BCEC5B24289713AA005CA649 /* SettingsController.swift in Sources */ = {isa = PBXBuildFile; fileRef = BCEC5B23289713AA005CA649 /* SettingsController.swift */; };
		BCF574312890485500C7B12C /* RegistrationViewModel.swift in Sources */ = {isa = PBXBuildFile; fileRef = BCF574302890485500C7B12C /* RegistrationViewModel.swift */; };
/* End PBXBuildFile section */

/* Begin PBXFileReference section */
		266DADBAD158BC382498D123 /* Pods-Tinder.release.xcconfig */ = {isa = PBXFileReference; includeInIndex = 1; lastKnownFileType = text.xcconfig; name = "Pods-Tinder.release.xcconfig"; path = "Target Support Files/Pods-Tinder/Pods-Tinder.release.xcconfig"; sourceTree = "<group>"; };
		2D39A2EF96591C7C1118F517 /* Pods_Tinder.framework */ = {isa = PBXFileReference; explicitFileType = wrapper.framework; includeInIndex = 0; path = Pods_Tinder.framework; sourceTree = BUILT_PRODUCTS_DIR; };
		76989CCE43A568D198EBC917 /* Pods-Tinder.debug.xcconfig */ = {isa = PBXFileReference; includeInIndex = 1; lastKnownFileType = text.xcconfig; name = "Pods-Tinder.debug.xcconfig"; path = "Target Support Files/Pods-Tinder/Pods-Tinder.debug.xcconfig"; sourceTree = "<group>"; };
		BC2947E02897D5A300105E87 /* SelectButton.swift */ = {isa = PBXFileReference; lastKnownFileType = sourcecode.swift; path = SelectButton.swift; sourceTree = "<group>"; };
		BC294802289959AA00105E87 /* SelectPhotoButtonsStackView.swift */ = {isa = PBXFileReference; lastKnownFileType = sourcecode.swift; path = SelectPhotoButtonsStackView.swift; sourceTree = "<group>"; };
		BC29480428997CDF00105E87 /* SettingsImagePicker.swift */ = {isa = PBXFileReference; lastKnownFileType = sourcecode.swift; path = SettingsImagePicker.swift; sourceTree = "<group>"; };
		BC2948062899AAE000105E87 /* CustomInfoLabel.swift */ = {isa = PBXFileReference; lastKnownFileType = sourcecode.swift; path = CustomInfoLabel.swift; sourceTree = "<group>"; };
		BC2948082899ABCB00105E87 /* SettingsCell.swift */ = {isa = PBXFileReference; lastKnownFileType = sourcecode.swift; path = SettingsCell.swift; sourceTree = "<group>"; };
		BC29480C289B01F200105E87 /* DetailSettingsViewController.swift */ = {isa = PBXFileReference; lastKnownFileType = sourcecode.swift; path = DetailSettingsViewController.swift; sourceTree = "<group>"; };
		BC545D2A289C7764007A2605 /* MainTabBarController.swift */ = {isa = PBXFileReference; lastKnownFileType = sourcecode.swift; path = MainTabBarController.swift; sourceTree = "<group>"; };
		BC545D2C289C77CB007A2605 /* ChatController.swift */ = {isa = PBXFileReference; lastKnownFileType = sourcecode.swift; path = ChatController.swift; sourceTree = "<group>"; };
		BC54C3FF28784B140009B8F5 /* RegistrationController.swift */ = {isa = PBXFileReference; lastKnownFileType = sourcecode.swift; path = RegistrationController.swift; sourceTree = "<group>"; };
		BC54C401287863A60009B8F5 /* CustomTextField.swift */ = {isa = PBXFileReference; lastKnownFileType = sourcecode.swift; path = CustomTextField.swift; sourceTree = "<group>"; };
		BC7AB56A2850CFD700C3E2B5 /* PhotoView.swift */ = {isa = PBXFileReference; lastKnownFileType = sourcecode.swift; path = PhotoView.swift; sourceTree = "<group>"; };
		BCA0087F28551EB800C8B371 /* User.swift */ = {isa = PBXFileReference; lastKnownFileType = sourcecode.swift; path = User.swift; sourceTree = "<group>"; };
		BCC6FCCE2848BFD500E6E8E0 /* Tinder.app */ = {isa = PBXFileReference; explicitFileType = wrapper.application; includeInIndex = 0; path = Tinder.app; sourceTree = BUILT_PRODUCTS_DIR; };
		BCC6FCD12848BFD500E6E8E0 /* AppDelegate.swift */ = {isa = PBXFileReference; lastKnownFileType = sourcecode.swift; path = AppDelegate.swift; sourceTree = "<group>"; };
		BCC6FCD32848BFD500E6E8E0 /* SceneDelegate.swift */ = {isa = PBXFileReference; lastKnownFileType = sourcecode.swift; path = SceneDelegate.swift; sourceTree = "<group>"; };
		BCC6FCD52848BFD500E6E8E0 /* PhotoCardController.swift */ = {isa = PBXFileReference; lastKnownFileType = sourcecode.swift; path = PhotoCardController.swift; sourceTree = "<group>"; };
		BCC6FCDA2848BFD900E6E8E0 /* Assets.xcassets */ = {isa = PBXFileReference; lastKnownFileType = folder.assetcatalog; path = Assets.xcassets; sourceTree = "<group>"; };
		BCC6FCDD2848BFD900E6E8E0 /* Base */ = {isa = PBXFileReference; lastKnownFileType = file.storyboard; name = Base; path = Base.lproj/LaunchScreen.storyboard; sourceTree = "<group>"; };
		BCC6FCDF2848BFD900E6E8E0 /* Info.plist */ = {isa = PBXFileReference; lastKnownFileType = text.plist.xml; path = Info.plist; sourceTree = "<group>"; };
		BCD3010D286B955A00D9C880 /* PhotoCardViewModel.swift */ = {isa = PBXFileReference; lastKnownFileType = sourcecode.swift; path = PhotoCardViewModel.swift; sourceTree = "<group>"; };
		BCD3010F286C92D900D9C880 /* Advertiser.swift */ = {isa = PBXFileReference; lastKnownFileType = sourcecode.swift; path = Advertiser.swift; sourceTree = "<group>"; };
		BCE68ADB284A2AF200EBB5B6 /* Extensions + UIView.swift */ = {isa = PBXFileReference; lastKnownFileType = sourcecode.swift; path = "Extensions + UIView.swift"; sourceTree = "<group>"; };
		BCE68ADD284E025C00EBB5B6 /* DownButtonsControlsStackView.swift */ = {isa = PBXFileReference; lastKnownFileType = sourcecode.swift; path = DownButtonsControlsStackView.swift; sourceTree = "<group>"; };
		BCE68AEF284E279300EBB5B6 /* Constants.swift */ = {isa = PBXFileReference; lastKnownFileType = sourcecode.swift; path = Constants.swift; sourceTree = "<group>"; };
		BCE68AF1284E39E100EBB5B6 /* TopNavigationStackView.swift */ = {isa = PBXFileReference; lastKnownFileType = sourcecode.swift; path = TopNavigationStackView.swift; sourceTree = "<group>"; };
		BCEC5B1A2891565E005CA649 /* GoogleService-Info.plist */ = {isa = PBXFileReference; fileEncoding = 4; lastKnownFileType = text.plist.xml; path = "GoogleService-Info.plist"; sourceTree = "<group>"; };
		BCEC5B1C28925074005CA649 /* Bindable.swift */ = {isa = PBXFileReference; lastKnownFileType = sourcecode.swift; path = Bindable.swift; sourceTree = "<group>"; };
		BCEC5B202896F090005CA649 /* Extension + UIButton.swift */ = {isa = PBXFileReference; lastKnownFileType = sourcecode.swift; path = "Extension + UIButton.swift"; sourceTree = "<group>"; };
		BCEC5B23289713AA005CA649 /* SettingsController.swift */ = {isa = PBXFileReference; lastKnownFileType = sourcecode.swift; path = SettingsController.swift; sourceTree = "<group>"; };
		BCF574302890485500C7B12C /* RegistrationViewModel.swift */ = {isa = PBXFileReference; lastKnownFileType = sourcecode.swift; path = RegistrationViewModel.swift; sourceTree = "<group>"; };
/* End PBXFileReference section */

/* Begin PBXFrameworksBuildPhase section */
		BCC6FCCB2848BFD500E6E8E0 /* Frameworks */ = {
			isa = PBXFrameworksBuildPhase;
			buildActionMask = 2147483647;
			files = (
				24AA884DDF1EDB794598704D /* Pods_Tinder.framework in Frameworks */,
			);
			runOnlyForDeploymentPostprocessing = 0;
		};
/* End PBXFrameworksBuildPhase section */

/* Begin PBXGroup section */
		BCA0087E28551E9800C8B371 /* Models */ = {
			isa = PBXGroup;
			children = (
				BCA0087F28551EB800C8B371 /* User.swift */,
				BCD3010F286C92D900D9C880 /* Advertiser.swift */,
				BCEC5B1C28925074005CA649 /* Bindable.swift */,
			);
			path = Models;
			sourceTree = "<group>";
		};
		BCC6FCC52848BFD400E6E8E0 = {
			isa = PBXGroup;
			children = (
				BCC6FCD02848BFD500E6E8E0 /* Tinder */,
				BCC6FCCF2848BFD500E6E8E0 /* Products */,
				C8C3A5CAE5EDB1111F28F9B8 /* Pods */,
				E327272B45AB22DA9658F62A /* Frameworks */,
			);
			sourceTree = "<group>";
		};
		BCC6FCCF2848BFD500E6E8E0 /* Products */ = {
			isa = PBXGroup;
			children = (
				BCC6FCCE2848BFD500E6E8E0 /* Tinder.app */,
			);
			name = Products;
			sourceTree = "<group>";
		};
		BCC6FCD02848BFD500E6E8E0 /* Tinder */ = {
			isa = PBXGroup;
			children = (
				BCA0087E28551E9800C8B371 /* Models */,
				BCD3010C286B952300D9C880 /* ViewModels */,
				BCD30109286B93E900D9C880 /* Views */,
				BCD3010B286B941700D9C880 /* Support Files */,
				BCE68ADA284A2AAE00EBB5B6 /* Extensions */,
				BCC6FCDA2848BFD900E6E8E0 /* Assets.xcassets */,
				BCC6FCDC2848BFD900E6E8E0 /* LaunchScreen.storyboard */,
				BCEC5B1A2891565E005CA649 /* GoogleService-Info.plist */,
				BCC6FCDF2848BFD900E6E8E0 /* Info.plist */,
			);
			path = Tinder;
			sourceTree = "<group>";
		};
		BCD30109286B93E900D9C880 /* Views */ = {
			isa = PBXGroup;
			children = (
				BCEC5B222897135B005CA649 /* ViewControllers */,
				BCD3010A286B940500D9C880 /* OtherViews */,
			);
			path = Views;
			sourceTree = "<group>";
		};
		BCD3010A286B940500D9C880 /* OtherViews */ = {
			isa = PBXGroup;
			children = (
				BCE68ADD284E025C00EBB5B6 /* DownButtonsControlsStackView.swift */,
				BCE68AF1284E39E100EBB5B6 /* TopNavigationStackView.swift */,
				BC7AB56A2850CFD700C3E2B5 /* PhotoView.swift */,
				BC2947E02897D5A300105E87 /* SelectButton.swift */,
				BC294802289959AA00105E87 /* SelectPhotoButtonsStackView.swift */,
				BC29480428997CDF00105E87 /* SettingsImagePicker.swift */,
				BC2948062899AAE000105E87 /* CustomInfoLabel.swift */,
				BC2948082899ABCB00105E87 /* SettingsCell.swift */,
				BC54C401287863A60009B8F5 /* CustomTextField.swift */,
			);
			path = OtherViews;
			sourceTree = "<group>";
		};
		BCD3010B286B941700D9C880 /* Support Files */ = {
			isa = PBXGroup;
			children = (
				BCE68AEF284E279300EBB5B6 /* Constants.swift */,
				BCC6FCD12848BFD500E6E8E0 /* AppDelegate.swift */,
				BCC6FCD32848BFD500E6E8E0 /* SceneDelegate.swift */,
			);
			path = "Support Files";
			sourceTree = "<group>";
		};
		BCD3010C286B952300D9C880 /* ViewModels */ = {
			isa = PBXGroup;
			children = (
				BCD3010D286B955A00D9C880 /* PhotoCardViewModel.swift */,
				BCF574302890485500C7B12C /* RegistrationViewModel.swift */,
			);
			path = ViewModels;
			sourceTree = "<group>";
		};
		BCE68ADA284A2AAE00EBB5B6 /* Extensions */ = {
			isa = PBXGroup;
			children = (
				BCE68ADB284A2AF200EBB5B6 /* Extensions + UIView.swift */,
				BCEC5B202896F090005CA649 /* Extension + UIButton.swift */,
			);
			path = Extensions;
			sourceTree = "<group>";
		};
		BCEC5B222897135B005CA649 /* ViewControllers */ = {
			isa = PBXGroup;
			children = (
				BC54C3FF28784B140009B8F5 /* RegistrationController.swift */,
				BCC6FCD52848BFD500E6E8E0 /* PhotoCardController.swift */,
				BCEC5B23289713AA005CA649 /* SettingsController.swift */,
				BC29480C289B01F200105E87 /* DetailSettingsViewController.swift */,
				BC545D2A289C7764007A2605 /* MainTabBarController.swift */,
				BC545D2C289C77CB007A2605 /* ChatController.swift */,
			);
			path = ViewControllers;
			sourceTree = "<group>";
		};
		C8C3A5CAE5EDB1111F28F9B8 /* Pods */ = {
			isa = PBXGroup;
			children = (
				76989CCE43A568D198EBC917 /* Pods-Tinder.debug.xcconfig */,
				266DADBAD158BC382498D123 /* Pods-Tinder.release.xcconfig */,
			);
			path = Pods;
			sourceTree = "<group>";
		};
		E327272B45AB22DA9658F62A /* Frameworks */ = {
			isa = PBXGroup;
			children = (
				2D39A2EF96591C7C1118F517 /* Pods_Tinder.framework */,
			);
			name = Frameworks;
			sourceTree = "<group>";
		};
/* End PBXGroup section */

/* Begin PBXNativeTarget section */
		BCC6FCCD2848BFD500E6E8E0 /* Tinder */ = {
			isa = PBXNativeTarget;
			buildConfigurationList = BCC6FCE22848BFD900E6E8E0 /* Build configuration list for PBXNativeTarget "Tinder" */;
			buildPhases = (
				E7DE21E3BCEDDB24A8DD0FEB /* [CP] Check Pods Manifest.lock */,
				BCC6FCCA2848BFD500E6E8E0 /* Sources */,
				BCC6FCCB2848BFD500E6E8E0 /* Frameworks */,
				BCC6FCCC2848BFD500E6E8E0 /* Resources */,
				DF946725E05CEF9096787EF8 /* [CP] Embed Pods Frameworks */,
			);
			buildRules = (
			);
			dependencies = (
			);
			name = Tinder;
			productName = Tinder;
			productReference = BCC6FCCE2848BFD500E6E8E0 /* Tinder.app */;
			productType = "com.apple.product-type.application";
		};
/* End PBXNativeTarget section */

/* Begin PBXProject section */
		BCC6FCC62848BFD400E6E8E0 /* Project object */ = {
			isa = PBXProject;
			attributes = {
				BuildIndependentTargetsInParallel = 1;
				LastSwiftUpdateCheck = 1320;
				LastUpgradeCheck = 1320;
				TargetAttributes = {
					BCC6FCCD2848BFD500E6E8E0 = {
						CreatedOnToolsVersion = 13.2.1;
					};
				};
			};
			buildConfigurationList = BCC6FCC92848BFD400E6E8E0 /* Build configuration list for PBXProject "Tinder" */;
			compatibilityVersion = "Xcode 13.0";
			developmentRegion = en;
			hasScannedForEncodings = 0;
			knownRegions = (
				en,
				Base,
			);
			mainGroup = BCC6FCC52848BFD400E6E8E0;
			productRefGroup = BCC6FCCF2848BFD500E6E8E0 /* Products */;
			projectDirPath = "";
			projectRoot = "";
			targets = (
				BCC6FCCD2848BFD500E6E8E0 /* Tinder */,
			);
		};
/* End PBXProject section */

/* Begin PBXResourcesBuildPhase section */
		BCC6FCCC2848BFD500E6E8E0 /* Resources */ = {
			isa = PBXResourcesBuildPhase;
			buildActionMask = 2147483647;
			files = (
				BCC6FCDE2848BFD900E6E8E0 /* LaunchScreen.storyboard in Resources */,
				BCC6FCDB2848BFD900E6E8E0 /* Assets.xcassets in Resources */,
				BCEC5B1B2891565E005CA649 /* GoogleService-Info.plist in Resources */,
			);
			runOnlyForDeploymentPostprocessing = 0;
		};
/* End PBXResourcesBuildPhase section */

/* Begin PBXShellScriptBuildPhase section */
		DF946725E05CEF9096787EF8 /* [CP] Embed Pods Frameworks */ = {
			isa = PBXShellScriptBuildPhase;
			buildActionMask = 2147483647;
			files = (
			);
			inputFileListPaths = (
				"${PODS_ROOT}/Target Support Files/Pods-Tinder/Pods-Tinder-frameworks-${CONFIGURATION}-input-files.xcfilelist",
			);
			name = "[CP] Embed Pods Frameworks";
			outputFileListPaths = (
				"${PODS_ROOT}/Target Support Files/Pods-Tinder/Pods-Tinder-frameworks-${CONFIGURATION}-output-files.xcfilelist",
			);
			runOnlyForDeploymentPostprocessing = 0;
			shellPath = /bin/sh;
			shellScript = "\"${PODS_ROOT}/Target Support Files/Pods-Tinder/Pods-Tinder-frameworks.sh\"\n";
			showEnvVarsInLog = 0;
		};
		E7DE21E3BCEDDB24A8DD0FEB /* [CP] Check Pods Manifest.lock */ = {
			isa = PBXShellScriptBuildPhase;
			buildActionMask = 2147483647;
			files = (
			);
			inputFileListPaths = (
			);
			inputPaths = (
				"${PODS_PODFILE_DIR_PATH}/Podfile.lock",
				"${PODS_ROOT}/Manifest.lock",
			);
			name = "[CP] Check Pods Manifest.lock";
			outputFileListPaths = (
			);
			outputPaths = (
				"$(DERIVED_FILE_DIR)/Pods-Tinder-checkManifestLockResult.txt",
			);
			runOnlyForDeploymentPostprocessing = 0;
			shellPath = /bin/sh;
			shellScript = "diff \"${PODS_PODFILE_DIR_PATH}/Podfile.lock\" \"${PODS_ROOT}/Manifest.lock\" > /dev/null\nif [ $? != 0 ] ; then\n    # print error to STDERR\n    echo \"error: The sandbox is not in sync with the Podfile.lock. Run 'pod install' or update your CocoaPods installation.\" >&2\n    exit 1\nfi\n# This output is used by Xcode 'outputs' to avoid re-running this script phase.\necho \"SUCCESS\" > \"${SCRIPT_OUTPUT_FILE_0}\"\n";
			showEnvVarsInLog = 0;
		};
/* End PBXShellScriptBuildPhase section */

/* Begin PBXSourcesBuildPhase section */
		BCC6FCCA2848BFD500E6E8E0 /* Sources */ = {
			isa = PBXSourcesBuildPhase;
			buildActionMask = 2147483647;
			files = (
				BCE68ADC284A2AF200EBB5B6 /* Extensions + UIView.swift in Sources */,
				BCC6FCD62848BFD500E6E8E0 /* PhotoCardController.swift in Sources */,
				BC545D2B289C7764007A2605 /* MainTabBarController.swift in Sources */,
				BCD30110286C92D900D9C880 /* Advertiser.swift in Sources */,
				BCEC5B24289713AA005CA649 /* SettingsController.swift in Sources */,
				BC54C402287863A60009B8F5 /* CustomTextField.swift in Sources */,
				BCE68ADE284E025C00EBB5B6 /* DownButtonsControlsStackView.swift in Sources */,
				BC545D2D289C77CB007A2605 /* ChatController.swift in Sources */,
				BCEC5B1D28925074005CA649 /* Bindable.swift in Sources */,
				BC2948072899AAE100105E87 /* CustomInfoLabel.swift in Sources */,
				BCE68AF2284E39E100EBB5B6 /* TopNavigationStackView.swift in Sources */,
				BCEC5B212896F090005CA649 /* Extension + UIButton.swift in Sources */,
				BC2948092899ABCB00105E87 /* SettingsCell.swift in Sources */,
				BC2947E12897D5A300105E87 /* SelectButton.swift in Sources */,
				BC29480528997CE000105E87 /* SettingsImagePicker.swift in Sources */,
				BCC6FCD22848BFD500E6E8E0 /* AppDelegate.swift in Sources */,
				BC54C40028784B140009B8F5 /* RegistrationController.swift in Sources */,
				BC29480D289B01F200105E87 /* DetailSettingsViewController.swift in Sources */,
				BCA0088028551EB800C8B371 /* User.swift in Sources */,
				BCF574312890485500C7B12C /* RegistrationViewModel.swift in Sources */,
				BCC6FCD42848BFD500E6E8E0 /* SceneDelegate.swift in Sources */,
				BCE68AF0284E279300EBB5B6 /* Constants.swift in Sources */,
				BC294803289959AB00105E87 /* SelectPhotoButtonsStackView.swift in Sources */,
				BC7AB56B2850CFD700C3E2B5 /* PhotoView.swift in Sources */,
				BCD3010E286B955A00D9C880 /* PhotoCardViewModel.swift in Sources */,
			);
			runOnlyForDeploymentPostprocessing = 0;
		};
/* End PBXSourcesBuildPhase section */

/* Begin PBXVariantGroup section */
		BCC6FCDC2848BFD900E6E8E0 /* LaunchScreen.storyboard */ = {
			isa = PBXVariantGroup;
			children = (
				BCC6FCDD2848BFD900E6E8E0 /* Base */,
			);
			name = LaunchScreen.storyboard;
			sourceTree = "<group>";
		};
/* End PBXVariantGroup section */

/* Begin XCBuildConfiguration section */
		BCC6FCE02848BFD900E6E8E0 /* Debug */ = {
			isa = XCBuildConfiguration;
			buildSettings = {
				ALWAYS_SEARCH_USER_PATHS = NO;
				CLANG_ANALYZER_NONNULL = YES;
				CLANG_ANALYZER_NUMBER_OBJECT_CONVERSION = YES_AGGRESSIVE;
				CLANG_CXX_LANGUAGE_STANDARD = "gnu++17";
				CLANG_CXX_LIBRARY = "libc++";
				CLANG_ENABLE_MODULES = YES;
				CLANG_ENABLE_OBJC_ARC = YES;
				CLANG_ENABLE_OBJC_WEAK = YES;
				CLANG_WARN_BLOCK_CAPTURE_AUTORELEASING = YES;
				CLANG_WARN_BOOL_CONVERSION = YES;
				CLANG_WARN_COMMA = YES;
				CLANG_WARN_CONSTANT_CONVERSION = YES;
				CLANG_WARN_DEPRECATED_OBJC_IMPLEMENTATIONS = YES;
				CLANG_WARN_DIRECT_OBJC_ISA_USAGE = YES_ERROR;
				CLANG_WARN_DOCUMENTATION_COMMENTS = YES;
				CLANG_WARN_EMPTY_BODY = YES;
				CLANG_WARN_ENUM_CONVERSION = YES;
				CLANG_WARN_INFINITE_RECURSION = YES;
				CLANG_WARN_INT_CONVERSION = YES;
				CLANG_WARN_NON_LITERAL_NULL_CONVERSION = YES;
				CLANG_WARN_OBJC_IMPLICIT_RETAIN_SELF = YES;
				CLANG_WARN_OBJC_LITERAL_CONVERSION = YES;
				CLANG_WARN_OBJC_ROOT_CLASS = YES_ERROR;
				CLANG_WARN_QUOTED_INCLUDE_IN_FRAMEWORK_HEADER = YES;
				CLANG_WARN_RANGE_LOOP_ANALYSIS = YES;
				CLANG_WARN_STRICT_PROTOTYPES = YES;
				CLANG_WARN_SUSPICIOUS_MOVE = YES;
				CLANG_WARN_UNGUARDED_AVAILABILITY = YES_AGGRESSIVE;
				CLANG_WARN_UNREACHABLE_CODE = YES;
				CLANG_WARN__DUPLICATE_METHOD_MATCH = YES;
				COPY_PHASE_STRIP = NO;
				DEBUG_INFORMATION_FORMAT = dwarf;
				ENABLE_STRICT_OBJC_MSGSEND = YES;
				ENABLE_TESTABILITY = YES;
				GCC_C_LANGUAGE_STANDARD = gnu11;
				GCC_DYNAMIC_NO_PIC = NO;
				GCC_NO_COMMON_BLOCKS = YES;
				GCC_OPTIMIZATION_LEVEL = 0;
				GCC_PREPROCESSOR_DEFINITIONS = (
					"DEBUG=1",
					"$(inherited)",
				);
				GCC_WARN_64_TO_32_BIT_CONVERSION = YES;
				GCC_WARN_ABOUT_RETURN_TYPE = YES_ERROR;
				GCC_WARN_UNDECLARED_SELECTOR = YES;
				GCC_WARN_UNINITIALIZED_AUTOS = YES_AGGRESSIVE;
				GCC_WARN_UNUSED_FUNCTION = YES;
				GCC_WARN_UNUSED_VARIABLE = YES;
				IPHONEOS_DEPLOYMENT_TARGET = 15.2;
				MTL_ENABLE_DEBUG_INFO = INCLUDE_SOURCE;
				MTL_FAST_MATH = YES;
				ONLY_ACTIVE_ARCH = YES;
				SDKROOT = iphoneos;
				SWIFT_ACTIVE_COMPILATION_CONDITIONS = DEBUG;
				SWIFT_OPTIMIZATION_LEVEL = "-Onone";
			};
			name = Debug;
		};
		BCC6FCE12848BFD900E6E8E0 /* Release */ = {
			isa = XCBuildConfiguration;
			buildSettings = {
				ALWAYS_SEARCH_USER_PATHS = NO;
				CLANG_ANALYZER_NONNULL = YES;
				CLANG_ANALYZER_NUMBER_OBJECT_CONVERSION = YES_AGGRESSIVE;
				CLANG_CXX_LANGUAGE_STANDARD = "gnu++17";
				CLANG_CXX_LIBRARY = "libc++";
				CLANG_ENABLE_MODULES = YES;
				CLANG_ENABLE_OBJC_ARC = YES;
				CLANG_ENABLE_OBJC_WEAK = YES;
				CLANG_WARN_BLOCK_CAPTURE_AUTORELEASING = YES;
				CLANG_WARN_BOOL_CONVERSION = YES;
				CLANG_WARN_COMMA = YES;
				CLANG_WARN_CONSTANT_CONVERSION = YES;
				CLANG_WARN_DEPRECATED_OBJC_IMPLEMENTATIONS = YES;
				CLANG_WARN_DIRECT_OBJC_ISA_USAGE = YES_ERROR;
				CLANG_WARN_DOCUMENTATION_COMMENTS = YES;
				CLANG_WARN_EMPTY_BODY = YES;
				CLANG_WARN_ENUM_CONVERSION = YES;
				CLANG_WARN_INFINITE_RECURSION = YES;
				CLANG_WARN_INT_CONVERSION = YES;
				CLANG_WARN_NON_LITERAL_NULL_CONVERSION = YES;
				CLANG_WARN_OBJC_IMPLICIT_RETAIN_SELF = YES;
				CLANG_WARN_OBJC_LITERAL_CONVERSION = YES;
				CLANG_WARN_OBJC_ROOT_CLASS = YES_ERROR;
				CLANG_WARN_QUOTED_INCLUDE_IN_FRAMEWORK_HEADER = YES;
				CLANG_WARN_RANGE_LOOP_ANALYSIS = YES;
				CLANG_WARN_STRICT_PROTOTYPES = YES;
				CLANG_WARN_SUSPICIOUS_MOVE = YES;
				CLANG_WARN_UNGUARDED_AVAILABILITY = YES_AGGRESSIVE;
				CLANG_WARN_UNREACHABLE_CODE = YES;
				CLANG_WARN__DUPLICATE_METHOD_MATCH = YES;
				COPY_PHASE_STRIP = NO;
				DEBUG_INFORMATION_FORMAT = "dwarf-with-dsym";
				ENABLE_NS_ASSERTIONS = NO;
				ENABLE_STRICT_OBJC_MSGSEND = YES;
				GCC_C_LANGUAGE_STANDARD = gnu11;
				GCC_NO_COMMON_BLOCKS = YES;
				GCC_WARN_64_TO_32_BIT_CONVERSION = YES;
				GCC_WARN_ABOUT_RETURN_TYPE = YES_ERROR;
				GCC_WARN_UNDECLARED_SELECTOR = YES;
				GCC_WARN_UNINITIALIZED_AUTOS = YES_AGGRESSIVE;
				GCC_WARN_UNUSED_FUNCTION = YES;
				GCC_WARN_UNUSED_VARIABLE = YES;
				IPHONEOS_DEPLOYMENT_TARGET = 15.2;
				MTL_ENABLE_DEBUG_INFO = NO;
				MTL_FAST_MATH = YES;
				SDKROOT = iphoneos;
				SWIFT_COMPILATION_MODE = wholemodule;
				SWIFT_OPTIMIZATION_LEVEL = "-O";
				VALIDATE_PRODUCT = YES;
			};
			name = Release;
		};
		BCC6FCE32848BFD900E6E8E0 /* Debug */ = {
			isa = XCBuildConfiguration;
			baseConfigurationReference = 76989CCE43A568D198EBC917 /* Pods-Tinder.debug.xcconfig */;
			buildSettings = {
				ASSETCATALOG_COMPILER_APPICON_NAME = AppIcon;
				ASSETCATALOG_COMPILER_GLOBAL_ACCENT_COLOR_NAME = AccentColor;
				CODE_SIGN_STYLE = Automatic;
				CURRENT_PROJECT_VERSION = 1;
				DEVELOPMENT_TEAM = 66MJ3YNVA6;
				GENERATE_INFOPLIST_FILE = YES;
				INFOPLIST_FILE = Tinder/Info.plist;
				INFOPLIST_KEY_UIApplicationSupportsIndirectInputEvents = YES;
				INFOPLIST_KEY_UILaunchStoryboardName = LaunchScreen;
				INFOPLIST_KEY_UISupportedInterfaceOrientations_iPad = "UIInterfaceOrientationPortrait UIInterfaceOrientationPortraitUpsideDown UIInterfaceOrientationLandscapeLeft UIInterfaceOrientationLandscapeRight";
				INFOPLIST_KEY_UISupportedInterfaceOrientations_iPhone = "UIInterfaceOrientationPortrait UIInterfaceOrientationLandscapeLeft UIInterfaceOrientationLandscapeRight";
				LD_RUNPATH_SEARCH_PATHS = (
					"$(inherited)",
					"@executable_path/Frameworks",
				);
				MARKETING_VERSION = 1.0;
				PRODUCT_BUNDLE_IDENTIFIER = Tinder.tsvetkov.Tinder;
				PRODUCT_NAME = "$(TARGET_NAME)";
				SWIFT_EMIT_LOC_STRINGS = YES;
				SWIFT_VERSION = 5.0;
				TARGETED_DEVICE_FAMILY = "1,2";
			};
			name = Debug;
		};
		BCC6FCE42848BFD900E6E8E0 /* Release */ = {
			isa = XCBuildConfiguration;
			baseConfigurationReference = 266DADBAD158BC382498D123 /* Pods-Tinder.release.xcconfig */;
			buildSettings = {
				ASSETCATALOG_COMPILER_APPICON_NAME = AppIcon;
				ASSETCATALOG_COMPILER_GLOBAL_ACCENT_COLOR_NAME = AccentColor;
				CODE_SIGN_STYLE = Automatic;
				CURRENT_PROJECT_VERSION = 1;
				DEVELOPMENT_TEAM = 66MJ3YNVA6;
				GENERATE_INFOPLIST_FILE = YES;
				INFOPLIST_FILE = Tinder/Info.plist;
				INFOPLIST_KEY_UIApplicationSupportsIndirectInputEvents = YES;
				INFOPLIST_KEY_UILaunchStoryboardName = LaunchScreen;
				INFOPLIST_KEY_UISupportedInterfaceOrientations_iPad = "UIInterfaceOrientationPortrait UIInterfaceOrientationPortraitUpsideDown UIInterfaceOrientationLandscapeLeft UIInterfaceOrientationLandscapeRight";
				INFOPLIST_KEY_UISupportedInterfaceOrientations_iPhone = "UIInterfaceOrientationPortrait UIInterfaceOrientationLandscapeLeft UIInterfaceOrientationLandscapeRight";
				LD_RUNPATH_SEARCH_PATHS = (
					"$(inherited)",
					"@executable_path/Frameworks",
				);
				MARKETING_VERSION = 1.0;
				PRODUCT_BUNDLE_IDENTIFIER = Tinder.tsvetkov.Tinder;
				PRODUCT_NAME = "$(TARGET_NAME)";
				SWIFT_EMIT_LOC_STRINGS = YES;
				SWIFT_VERSION = 5.0;
				TARGETED_DEVICE_FAMILY = "1,2";
			};
			name = Release;
		};
/* End XCBuildConfiguration section */

/* Begin XCConfigurationList section */
		BCC6FCC92848BFD400E6E8E0 /* Build configuration list for PBXProject "Tinder" */ = {
			isa = XCConfigurationList;
			buildConfigurations = (
				BCC6FCE02848BFD900E6E8E0 /* Debug */,
				BCC6FCE12848BFD900E6E8E0 /* Release */,
			);
			defaultConfigurationIsVisible = 0;
			defaultConfigurationName = Release;
		};
		BCC6FCE22848BFD900E6E8E0 /* Build configuration list for PBXNativeTarget "Tinder" */ = {
			isa = XCConfigurationList;
			buildConfigurations = (
				BCC6FCE32848BFD900E6E8E0 /* Debug */,
				BCC6FCE42848BFD900E6E8E0 /* Release */,
			);
			defaultConfigurationIsVisible = 0;
			defaultConfigurationName = Release;
		};
/* End XCConfigurationList section */
	};
	rootObject = BCC6FCC62848BFD400E6E8E0 /* Project object */;
}
